
Microsoft Visual Studio Solution File, Format Version 12.00
# Visual Studio Version 16
VisualStudioVersion = 16.0.30503.244
MinimumVisualStudioVersion = 10.0.40219.1
Project("{8BC9CEB8-8B4A-11D0-8D11-00A0C91BC942}") = "laba1", "laba1\laba1.vcxproj", "{8E1C94F3-8255-4DC9-B8CE-E4FDAA9FD247}"
EndProject
Global
	GlobalSection(SolutionConfigurationPlatforms) = preSolution
		Debug|x64 = Debug|x64
		Debug|x86 = Debug|x86
		Release|x64 = Release|x64
		Release|x86 = Release|x86
	EndGlobalSection
	GlobalSection(ProjectConfigurationPlatforms) = postSolution
		{8E1C94F3-8255-4DC9-B8CE-E4FDAA9FD247}.Debug|x64.ActiveCfg = Debug|x64
		{8E1C94F3-8255-4DC9-B8CE-E4FDAA9FD247}.Debug|x64.Build.0 = Debug|x64
		{8E1C94F3-8255-4DC9-B8CE-E4FDAA9FD247}.Debug|x86.ActiveCfg = Debug|Win32
		{8E1C94F3-8255-4DC9-B8CE-E4FDAA9FD247}.Debug|x86.Build.0 = Debug|Win32
		{8E1C94F3-8255-4DC9-B8CE-E4FDAA9FD247}.Release|x64.ActiveCfg = Release|x64
		{8E1C94F3-8255-4DC9-B8CE-E4FDAA9FD247}.Release|x64.Build.0 = Release|x64
		{8E1C94F3-8255-4DC9-B8CE-E4FDAA9FD247}.Release|x86.ActiveCfg = Release|Win32
		{8E1C94F3-8255-4DC9-B8CE-E4FDAA9FD247}.Release|x86.Build.0 = Release|Win32
	EndGlobalSection
	GlobalSection(SolutionProperties) = preSolution
		HideSolutionNode = FALSE
	EndGlobalSection
	GlobalSection(ExtensibilityGlobals) = postSolution
		SolutionGuid = {CAE852BF-F085-472B-8D76-C146C89F2B8E}
	EndGlobalSection
EndGlobal
