
Microsoft Visual Studio Solution File, Format Version 12.00
# Visual Studio Version 16
VisualStudioVersion = 16.0.30503.244
MinimumVisualStudioVersion = 10.0.40219.1
Project("{8BC9CEB8-8B4A-11D0-8D11-00A0C91BC942}") = "Project1", "Project1\Project1.vcxproj", "{549BE19F-C767-4D61-B4EE-000D7B7312D0}"
EndProject
Global
	GlobalSection(SolutionConfigurationPlatforms) = preSolution
		Debug|x64 = Debug|x64
		Debug|x86 = Debug|x86
		Release|x64 = Release|x64
		Release|x86 = Release|x86
	EndGlobalSection
	GlobalSection(ProjectConfigurationPlatforms) = postSolution
		{549BE19F-C767-4D61-B4EE-000D7B7312D0}.Debug|x64.ActiveCfg = Debug|x64
		{549BE19F-C767-4D61-B4EE-000D7B7312D0}.Debug|x64.Build.0 = Debug|x64
		{549BE19F-C767-4D61-B4EE-000D7B7312D0}.Debug|x86.ActiveCfg = Debug|Win32
		{549BE19F-C767-4D61-B4EE-000D7B7312D0}.Debug|x86.Build.0 = Debug|Win32
		{549BE19F-C767-4D61-B4EE-000D7B7312D0}.Release|x64.ActiveCfg = Release|x64
		{549BE19F-C767-4D61-B4EE-000D7B7312D0}.Release|x64.Build.0 = Release|x64
		{549BE19F-C767-4D61-B4EE-000D7B7312D0}.Release|x86.ActiveCfg = Release|Win32
		{549BE19F-C767-4D61-B4EE-000D7B7312D0}.Release|x86.Build.0 = Release|Win32
	EndGlobalSection
	GlobalSection(SolutionProperties) = preSolution
		HideSolutionNode = FALSE
	EndGlobalSection
	GlobalSection(ExtensibilityGlobals) = postSolution
		SolutionGuid = {5CD7AF61-8FEA-450A-8B0B-220B636CC8F8}
	EndGlobalSection
EndGlobal
