
Microsoft Visual Studio Solution File, Format Version 12.00
# Visual Studio Version 16
VisualStudioVersion = 16.0.30503.244
MinimumVisualStudioVersion = 10.0.40219.1
Project("{8BC9CEB8-8B4A-11D0-8D11-00A0C91BC942}") = "Project2", "Project2\Project2.vcxproj", "{CC5A70CF-2924-4AA8-BEB8-805561F05A43}"
EndProject
Global
	GlobalSection(SolutionConfigurationPlatforms) = preSolution
		Debug|x64 = Debug|x64
		Debug|x86 = Debug|x86
		Release|x64 = Release|x64
		Release|x86 = Release|x86
	EndGlobalSection
	GlobalSection(ProjectConfigurationPlatforms) = postSolution
		{CC5A70CF-2924-4AA8-BEB8-805561F05A43}.Debug|x64.ActiveCfg = Debug|x64
		{CC5A70CF-2924-4AA8-BEB8-805561F05A43}.Debug|x64.Build.0 = Debug|x64
		{CC5A70CF-2924-4AA8-BEB8-805561F05A43}.Debug|x86.ActiveCfg = Debug|Win32
		{CC5A70CF-2924-4AA8-BEB8-805561F05A43}.Debug|x86.Build.0 = Debug|Win32
		{CC5A70CF-2924-4AA8-BEB8-805561F05A43}.Release|x64.ActiveCfg = Release|x64
		{CC5A70CF-2924-4AA8-BEB8-805561F05A43}.Release|x64.Build.0 = Release|x64
		{CC5A70CF-2924-4AA8-BEB8-805561F05A43}.Release|x86.ActiveCfg = Release|Win32
		{CC5A70CF-2924-4AA8-BEB8-805561F05A43}.Release|x86.Build.0 = Release|Win32
	EndGlobalSection
	GlobalSection(SolutionProperties) = preSolution
		HideSolutionNode = FALSE
	EndGlobalSection
	GlobalSection(ExtensibilityGlobals) = postSolution
		SolutionGuid = {54ABA62B-3A29-4ED4-84A1-3F7C573902B5}
	EndGlobalSection
EndGlobal
